Microsoft Visual Studio Solution File, Format Version 12.00
# Visual Studio 2012
Project("{FAE04EC0-301F-11D3-BF4B-00C04F79EFBC}") = "Pebolim3D", "Pebolim3D.csproj", "{FB9BCA86-9ED2-452D-B5D3-EE0BA657FDBB}"
EndProject
Global
	GlobalSection(SolutionConfigurationPlatforms) = preSolution
	Debug|Any CPU = Debug|Any CPU
	ExportDebug|Any CPU = ExportDebug|Any CPU
	ExportRelease|Any CPU = ExportRelease|Any CPU
	EndGlobalSection
	GlobalSection(ProjectConfigurationPlatforms) = postSolution
		{FB9BCA86-9ED2-452D-B5D3-EE0BA657FDBB}.Debug|Any CPU.ActiveCfg = Debug|Any CPU
		{FB9BCA86-9ED2-452D-B5D3-EE0BA657FDBB}.Debug|Any CPU.Build.0 = Debug|Any CPU
		{FB9BCA86-9ED2-452D-B5D3-EE0BA657FDBB}.ExportDebug|Any CPU.ActiveCfg = ExportDebug|Any CPU
		{FB9BCA86-9ED2-452D-B5D3-EE0BA657FDBB}.ExportDebug|Any CPU.Build.0 = ExportDebug|Any CPU
		{FB9BCA86-9ED2-452D-B5D3-EE0BA657FDBB}.ExportRelease|Any CPU.ActiveCfg = ExportRelease|Any CPU
		{FB9BCA86-9ED2-452D-B5D3-EE0BA657FDBB}.ExportRelease|Any CPU.Build.0 = ExportRelease|Any CPU
	EndGlobalSection
EndGlobal
